<?xml version="1.0" encoding="utf-8"?>
<Project ToolsVersion="4.0" xmlns="http://schemas.microsoft.com/developer/msbuild/2003">
  <ItemGroup>
    <Filter Include="Source Files">
      <UniqueIdentifier>{4FC737F1-C7A5-4376-A066-2A32D752A2FF}</UniqueIdentifier>
      <Extensions>cpp;c;cc;cxx;c++;cppm;ixx;def;odl;idl;hpj;bat;asm;asmx</Extensions>
    </Filter>
    <Filter Include="Header Files">
      <UniqueIdentifier>{93995380-89BD-4b04-88EB-625FBE52EBFB}</UniqueIdentifier>
      <Extensions>h;hh;hpp;hxx;h++;hm;inl;inc;ipp;xsd</Extensions>
    </Filter>
    <Filter Include="Resource Files">
      <UniqueIdentifier>{67DA6AB6-F800-4c08-8B7A-83BB121AAD01}</UniqueIdentifier>
      <Extensions>rc;ico;cur;bmp;dlg;rc2;rct;bin;rgs;gif;jpg;jpeg;jpe;resx;tiff;tif;png;wav;mfcribbon-ms</Extensions>
    </Filter>
    <Filter Include="Source Files\Global">
      <UniqueIdentifier>{2b1d50cf-bd53-469b-a970-64323d0ed614}</UniqueIdentifier>
    </Filter>
    <Filter Include="Source Files\Subclasses">
      <UniqueIdentifier>{770173bb-4e31-4fd2-b866-aa53f1484eaf}</UniqueIdentifier>
    </Filter>
    <Filter Include="Header Files\Externals">
      <UniqueIdentifier>{bcf6f064-5a7a-431f-b0c5-cd7ca2960475}</UniqueIdentifier>
    </Filter>
    <Filter Include="Resource Files\Raws">
      <UniqueIdentifier>{c6968ad7-d94e-42ab-99b0-2ea40669b2bc}</UniqueIdentifier>
    </Filter>
    <Filter Include="Source Files\Object Manager">
      <UniqueIdentifier>{64f00a49-b18f-40e2-b576-270d6dddfd88}</UniqueIdentifier>
    </Filter>
  </ItemGroup>
  <ItemGroup>
    <Manifest Include="Sources\Resources\MyApp.exe.manifest">
      <Filter>Resource Files</Filter>
    </Manifest>
  </ItemGroup>
  <ItemGroup>
    <ClCompile Include="Sources\main.cpp">
      <Filter>Source Files</Filter>
    </ClCompile>
    <ClCompile Include="Sources\global.cpp">
      <Filter>Source Files\Global</Filter>
    </ClCompile>
    <ClCompile Include="Sources\subclasses.cpp">
      <Filter>Source Files\Subclasses</Filter>
    </ClCompile>
    <ClCompile Include="Sources\obj_manager.cpp">
      <Filter>Source Files\Object Manager</Filter>
    </ClCompile>
  </ItemGroup>
  <ItemGroup>
    <ClInclude Include="Sources\Headers\func.h">
      <Filter>Header Files</Filter>
    </ClInclude>
    <ClInclude Include="Sources\Headers\global.h">
      <Filter>Source Files\Global</Filter>
    </ClInclude>
    <ClInclude Include="Sources\Headers\c_resources.h">
      <Filter>Header Files</Filter>
    </ClInclude>
    <ClInclude Include="Sources\Headers\Ex_DarkMode.h">
      <Filter>Header Files\Externals</Filter>
    </ClInclude>
    <ClInclude Include="Sources\Headers\Ex_IatHook.h">
      <Filter>Header Files\Externals</Filter>
    </ClInclude>
    <ClInclude Include="Sources\Resources\resource.h">
      <Filter>Resource Files</Filter>
    </ClInclude>
    <ClInclude Include="Sources\Headers\subclasses.h">
      <Filter>Source Files\Subclasses</Filter>
    </ClInclude>
    <ClInclude Include="Sources\Headers\obj_manager.h">
      <Filter>Source Files\Object Manager</Filter>
    </ClInclude>
  </ItemGroup>
  <ItemGroup>
    <ResourceCompile Include="Sources\Resources\WindowsProject5.rc">
      <Filter>Resource Files</Filter>
    </ResourceCompile>
  </ItemGroup>
  <ItemGroup>
    <Image Include="Sources\Resources\Raws\cross_black.ico">
      <Filter>Resource Files\Raws</Filter>
    </Image>
    <Image Include="Sources\Resources\Raws\cross_grey.ico">
      <Filter>Resource Files\Raws</Filter>
    </Image>
    <Image Include="Sources\Resources\Raws\cross_white.ico">
      <Filter>Resource Files\Raws</Filter>
    </Image>
    <Image Include="Sources\Resources\Raws\minus_black.ico">
      <Filter>Resource Files\Raws</Filter>
    </Image>
    <Image Include="Sources\Resources\Raws\minus_grey.ico">
      <Filter>Resource Files\Raws</Filter>
    </Image>
    <Image Include="Sources\Resources\Raws\minus_white.ico">
      <Filter>Resource Files\Raws</Filter>
    </Image>
    <Image Include="Sources\Resources\MAINICON.ico">
      <Filter>Resource Files\Raws</Filter>
    </Image>
  </ItemGroup>
  <ItemGroup>
    <None Include="README.md" />
  </ItemGroup>
</Project>