
Microsoft Visual Studio Solution File, Format Version 12.00
# Visual Studio Version 17
VisualStudioVersion = 17.8.34316.72
MinimumVisualStudioVersion = 10.0.40219.1
Project("{8BC9CEB8-8B4A-11D0-8D11-00A0C91BC942}") = "Win32GUISample", "Win32GUISample.vcxproj", "{F2AC6388-3F32-496B-9A28-F53178395F0B}"
EndProject
Global
	GlobalSection(SolutionConfigurationPlatforms) = preSolution
		Release-DL|x64 = Release-DL|x64
		Release-SL|x64 = Release-SL|x64
	EndGlobalSection
	GlobalSection(ProjectConfigurationPlatforms) = postSolution
		{F2AC6388-3F32-496B-9A28-F53178395F0B}.Release-DL|x64.ActiveCfg = Dynamic Linking|x64
		{F2AC6388-3F32-496B-9A28-F53178395F0B}.Release-DL|x64.Build.0 = Dynamic Linking|x64
		{F2AC6388-3F32-496B-9A28-F53178395F0B}.Release-SL|x64.ActiveCfg = Static Linking|x64
		{F2AC6388-3F32-496B-9A28-F53178395F0B}.Release-SL|x64.Build.0 = Static Linking|x64
	EndGlobalSection
	GlobalSection(SolutionProperties) = preSolution
		HideSolutionNode = FALSE
	EndGlobalSection
	GlobalSection(ExtensibilityGlobals) = postSolution
		SolutionGuid = {D0DB2207-1029-4CE0-ABBF-D8AB0789286B}
	EndGlobalSection
EndGlobal
