<?xml version="1.0" encoding="utf-8"?>
<Project ToolsVersion="4.0" xmlns="http://schemas.microsoft.com/developer/msbuild/2003">
  <ItemGroup>
    <Filter Include="Source Files">
      <UniqueIdentifier>{4FC737F1-C7A5-4376-A066-2A32D752A2FF}</UniqueIdentifier>
      <Extensions>cpp;c;cc;cxx;c++;cppm;ixx;def;odl;idl;hpj;bat;asm;asmx</Extensions>
    </Filter>
    <Filter Include="Header Files">
      <UniqueIdentifier>{93995380-89BD-4b04-88EB-625FBE52EBFB}</UniqueIdentifier>
      <Extensions>h;hh;hpp;hxx;h++;hm;inl;inc;ipp;xsd</Extensions>
    </Filter>
    <Filter Include="Resource Files">
      <UniqueIdentifier>{67DA6AB6-F800-4c08-8B7A-83BB121AAD01}</UniqueIdentifier>
      <Extensions>rc;ico;cur;bmp;dlg;rc2;rct;bin;rgs;gif;jpg;jpeg;jpe;resx;tiff;tif;png;wav;mfcribbon-ms</Extensions>
    </Filter>
    <Filter Include="Resource Files\Raws">
      <UniqueIdentifier>{f78764e5-5151-474b-ac0c-7fc5f6d2cb0c}</UniqueIdentifier>
    </Filter>
  </ItemGroup>
  <ItemGroup>
    <ClCompile Include="Sources\app.cpp">
      <Filter>Source Files</Filter>
    </ClCompile>
    <ClCompile Include="Sources\global.cpp">
      <Filter>Source Files</Filter>
    </ClCompile>
    <ClCompile Include="Sources\graphic.cpp">
      <Filter>Source Files</Filter>
    </ClCompile>
    <ClCompile Include="Sources\main.cpp">
      <Filter>Source Files</Filter>
    </ClCompile>
    <ClCompile Include="Sources\subclass.cpp">
      <Filter>Source Files</Filter>
    </ClCompile>
    <ClCompile Include="Sources\ui.cpp">
      <Filter>Source Files</Filter>
    </ClCompile>
    <ClCompile Include="Sources\utility.cpp">
      <Filter>Source Files</Filter>
    </ClCompile>
    <ClCompile Include="Sources\window.cpp">
      <Filter>Source Files</Filter>
    </ClCompile>
  </ItemGroup>
  <ItemGroup>
    <ResourceCompile Include="Resources\resources.rc">
      <Filter>Resource Files</Filter>
    </ResourceCompile>
  </ItemGroup>
  <ItemGroup>
    <Manifest Include="Resources\Win32GUISample.exe.manifest">
      <Filter>Resource Files</Filter>
    </Manifest>
  </ItemGroup>
  <ItemGroup>
    <Image Include="Resources\Raws\ae_active.png">
      <Filter>Resource Files\Raws</Filter>
    </Image>
    <Image Include="Resources\Raws\ae_default.png">
      <Filter>Resource Files\Raws</Filter>
    </Image>
    <Image Include="Resources\Raws\ae_hover.png">
      <Filter>Resource Files\Raws</Filter>
    </Image>
    <Image Include="Resources\Raws\ai_active.png">
      <Filter>Resource Files\Raws</Filter>
    </Image>
    <Image Include="Resources\Raws\ai_default.png">
      <Filter>Resource Files\Raws</Filter>
    </Image>
    <Image Include="Resources\Raws\ai_hover.png">
      <Filter>Resource Files\Raws</Filter>
    </Image>
    <Image Include="Resources\Raws\arrowdown_dark.png">
      <Filter>Resource Files\Raws</Filter>
    </Image>
    <Image Include="Resources\Raws\arrowdown_light.png">
      <Filter>Resource Files\Raws</Filter>
    </Image>
    <Image Include="Resources\Raws\arrowdown_monokai.png">
      <Filter>Resource Files\Raws</Filter>
    </Image>
    <Image Include="Resources\Raws\cross_black.png">
      <Filter>Resource Files\Raws</Filter>
    </Image>
    <Image Include="Resources\Raws\cross_grey.png">
      <Filter>Resource Files\Raws</Filter>
    </Image>
    <Image Include="Resources\Raws\cross_white.png">
      <Filter>Resource Files\Raws</Filter>
    </Image>
    <Image Include="Resources\Raws\MAINICON.ico">
      <Filter>Resource Files\Raws</Filter>
    </Image>
    <Image Include="Resources\Raws\me_active.png">
      <Filter>Resource Files\Raws</Filter>
    </Image>
    <Image Include="Resources\Raws\me_default.png">
      <Filter>Resource Files\Raws</Filter>
    </Image>
    <Image Include="Resources\Raws\me_hover.png">
      <Filter>Resource Files\Raws</Filter>
    </Image>
    <Image Include="Resources\Raws\minus_black.png">
      <Filter>Resource Files\Raws</Filter>
    </Image>
    <Image Include="Resources\Raws\minus_grey.png">
      <Filter>Resource Files\Raws</Filter>
    </Image>
    <Image Include="Resources\Raws\minus_white.png">
      <Filter>Resource Files\Raws</Filter>
    </Image>
    <Image Include="Resources\Raws\ps_active.png">
      <Filter>Resource Files\Raws</Filter>
    </Image>
    <Image Include="Resources\Raws\ps_default.png">
      <Filter>Resource Files\Raws</Filter>
    </Image>
    <Image Include="Resources\Raws\ps_hover.png">
      <Filter>Resource Files\Raws</Filter>
    </Image>
    <Image Include="Resources\Raws\square_black.png">
      <Filter>Resource Files\Raws</Filter>
    </Image>
    <Image Include="Resources\Raws\square_grey.png">
      <Filter>Resource Files\Raws</Filter>
    </Image>
    <Image Include="Resources\Raws\square_white.png">
      <Filter>Resource Files\Raws</Filter>
    </Image>
  </ItemGroup>
  <ItemGroup>
    <ClInclude Include="Headers\app.h">
      <Filter>Header Files</Filter>
    </ClInclude>
    <ClInclude Include="Headers\forward_declarations.h">
      <Filter>Header Files</Filter>
    </ClInclude>
    <ClInclude Include="Headers\global.h">
      <Filter>Header Files</Filter>
    </ClInclude>
    <ClInclude Include="Headers\graphic.h">
      <Filter>Header Files</Filter>
    </ClInclude>
    <ClInclude Include="Headers\marco.h">
      <Filter>Header Files</Filter>
    </ClInclude>
    <ClInclude Include="Headers\my_includes.h">
      <Filter>Header Files</Filter>
    </ClInclude>
    <ClInclude Include="Headers\resources.h">
      <Filter>Header Files</Filter>
    </ClInclude>
    <ClInclude Include="Headers\standard_includes.h">
      <Filter>Header Files</Filter>
    </ClInclude>
    <ClInclude Include="Headers\subclass.h">
      <Filter>Header Files</Filter>
    </ClInclude>
    <ClInclude Include="Headers\ui.h">
      <Filter>Header Files</Filter>
    </ClInclude>
    <ClInclude Include="Headers\utility.h">
      <Filter>Header Files</Filter>
    </ClInclude>
    <ClInclude Include="Headers\window.h">
      <Filter>Header Files</Filter>
    </ClInclude>
  </ItemGroup>
</Project>