<?xml version="1.0" encoding="utf-8"?>
<Project ToolsVersion="4.0" xmlns="http://schemas.microsoft.com/developer/msbuild/2003">
  <ItemGroup>
    <Filter Include="Source Files">
      <UniqueIdentifier>{4FC737F1-C7A5-4376-A066-2A32D752A2FF}</UniqueIdentifier>
      <Extensions>cpp;c;cc;cxx;c++;cppm;ixx;def;odl;idl;hpj;bat;asm;asmx</Extensions>
    </Filter>
    <Filter Include="Header Files">
      <UniqueIdentifier>{93995380-89BD-4b04-88EB-625FBE52EBFB}</UniqueIdentifier>
      <Extensions>h;hh;hpp;hxx;h++;hm;inl;inc;ipp;xsd</Extensions>
    </Filter>
    <Filter Include="Resource Files">
      <UniqueIdentifier>{67DA6AB6-F800-4c08-8B7A-83BB121AAD01}</UniqueIdentifier>
      <Extensions>rc;ico;cur;bmp;dlg;rc2;rct;bin;rgs;gif;jpg;jpeg;jpe;resx;tiff;tif;png;wav;mfcribbon-ms</Extensions>
    </Filter>
    <Filter Include="Source Files\Utility">
      <UniqueIdentifier>{9ac0e1ac-130a-430d-9994-50ec7bbd1c0c}</UniqueIdentifier>
    </Filter>
    <Filter Include="Source Files\Main">
      <UniqueIdentifier>{770173bb-4e31-4fd2-b866-aa53f1484eaf}</UniqueIdentifier>
    </Filter>
    <Filter Include="Source Files\Subclass">
      <UniqueIdentifier>{64f00a49-b18f-40e2-b576-270d6dddfd88}</UniqueIdentifier>
    </Filter>
    <Filter Include="Source Files\Resource">
      <UniqueIdentifier>{2b1d50cf-bd53-469b-a970-64323d0ed614}</UniqueIdentifier>
    </Filter>
    <Filter Include="Source Files\Global">
      <UniqueIdentifier>{c5db9fb4-fca8-4cba-97ac-04a622355767}</UniqueIdentifier>
    </Filter>
    <Filter Include="Source Files\Resource\Raws">
      <UniqueIdentifier>{c6968ad7-d94e-42ab-99b0-2ea40669b2bc}</UniqueIdentifier>
    </Filter>
    <Filter Include="Header Files\Includes">
      <UniqueIdentifier>{ec15881e-80f3-4264-8e00-6ca8e94baf3d}</UniqueIdentifier>
    </Filter>
    <Filter Include="Header Files\Includes\Externals">
      <UniqueIdentifier>{69adddb0-27db-44a9-943c-b6c13491e1bf}</UniqueIdentifier>
    </Filter>
    <Filter Include="Source Files\Utility\WinAPI">
      <UniqueIdentifier>{7ae2053a-746a-481c-ac24-908703296b67}</UniqueIdentifier>
    </Filter>
    <Filter Include="Source Files\Utility\Object Management">
      <UniqueIdentifier>{d0f08bf2-9869-4cf0-8036-8af92e05af85}</UniqueIdentifier>
    </Filter>
  </ItemGroup>
  <ItemGroup>
    <ClCompile Include="Sources\Main\main.cpp">
      <Filter>Source Files\Main</Filter>
    </ClCompile>
    <ClCompile Include="Sources\Subclass\subclasses.cpp">
      <Filter>Source Files\Subclass</Filter>
    </ClCompile>
    <ClCompile Include="Sources\Global\global.cpp">
      <Filter>Source Files\Global</Filter>
    </ClCompile>
    <ClCompile Include="Sources\Utility\object_management.cpp">
      <Filter>Source Files\Utility\Object Management</Filter>
    </ClCompile>
    <ClCompile Include="Sources\Utility\my_winapi.cpp">
      <Filter>Source Files\Utility\WinAPI</Filter>
    </ClCompile>
  </ItemGroup>
  <ItemGroup>
    <ClInclude Include="Sources\Main\func.h">
      <Filter>Source Files\Main</Filter>
    </ClInclude>
    <ClInclude Include="Sources\Subclass\subclasses.h">
      <Filter>Source Files\Subclass</Filter>
    </ClInclude>
    <ClInclude Include="Sources\Global\global.h">
      <Filter>Source Files\Global</Filter>
    </ClInclude>
    <ClInclude Include="Sources\Resource\c_resources.h">
      <Filter>Source Files\Resource</Filter>
    </ClInclude>
    <ClInclude Include="Sources\Resource\resource.h">
      <Filter>Source Files\Resource</Filter>
    </ClInclude>
    <ClInclude Include="Sources\Utility\object_management.h">
      <Filter>Source Files\Utility\Object Management</Filter>
    </ClInclude>
    <ClInclude Include="Includes\standard_includes.h">
      <Filter>Header Files\Includes</Filter>
    </ClInclude>
    <ClInclude Include="Includes\Externals\Ex_DarkMode.h">
      <Filter>Header Files\Includes\Externals</Filter>
    </ClInclude>
    <ClInclude Include="Includes\Externals\Ex_IatHook.h">
      <Filter>Header Files\Includes\Externals</Filter>
    </ClInclude>
    <ClInclude Include="Includes\my_includes.h">
      <Filter>Header Files\Includes</Filter>
    </ClInclude>
    <ClInclude Include="Sources\Utility\my_winapi.h">
      <Filter>Source Files\Utility\WinAPI</Filter>
    </ClInclude>
    <ClInclude Include="Includes\forward_declarations.h">
      <Filter>Header Files\Includes</Filter>
    </ClInclude>
    <ClInclude Include="Includes\my_enums.h">
      <Filter>Header Files\Includes</Filter>
    </ClInclude>
  </ItemGroup>
  <ItemGroup>
    <Image Include="Sources\Resource\Raws\cross_black.ico">
      <Filter>Source Files\Resource\Raws</Filter>
    </Image>
    <Image Include="Sources\Resource\Raws\cross_grey.ico">
      <Filter>Source Files\Resource\Raws</Filter>
    </Image>
    <Image Include="Sources\Resource\Raws\cross_white.ico">
      <Filter>Source Files\Resource\Raws</Filter>
    </Image>
    <Image Include="Sources\Resource\Raws\minus_black.ico">
      <Filter>Source Files\Resource\Raws</Filter>
    </Image>
    <Image Include="Sources\Resource\Raws\minus_grey.ico">
      <Filter>Source Files\Resource\Raws</Filter>
    </Image>
    <Image Include="Sources\Resource\Raws\minus_white.ico">
      <Filter>Source Files\Resource\Raws</Filter>
    </Image>
    <Image Include="Sources\Resource\Raws\cross_grey.png">
      <Filter>Source Files\Resource\Raws</Filter>
    </Image>
    <Image Include="Sources\Resource\Raws\MAINICON.ico">
      <Filter>Source Files\Resource\Raws</Filter>
    </Image>
    <Image Include="Sources\Resource\Raws\cross_black.png">
      <Filter>Source Files\Resource\Raws</Filter>
    </Image>
    <Image Include="Sources\Resource\Raws\cross_white.png">
      <Filter>Source Files\Resource\Raws</Filter>
    </Image>
    <Image Include="Sources\Resource\Raws\minus_black.png">
      <Filter>Source Files\Resource\Raws</Filter>
    </Image>
    <Image Include="Sources\Resource\Raws\minus_grey.png">
      <Filter>Source Files\Resource\Raws</Filter>
    </Image>
    <Image Include="Sources\Resource\Raws\minus_white.png">
      <Filter>Source Files\Resource\Raws</Filter>
    </Image>
  </ItemGroup>
  <ItemGroup>
    <None Include="README.md" />
  </ItemGroup>
  <ItemGroup>
    <Manifest Include="Sources\Resource\MyApp.exe.manifest">
      <Filter>Source Files\Resource</Filter>
    </Manifest>
  </ItemGroup>
  <ItemGroup>
    <ResourceCompile Include="Sources\Resource\WindowsProject5.rc">
      <Filter>Source Files\Resource</Filter>
    </ResourceCompile>
  </ItemGroup>
  <ItemGroup>
    <Text Include="snippet.md">
      <Filter>Source Files</Filter>
    </Text>
  </ItemGroup>
</Project>